
Microsoft Visual Studio Solution File, Format Version 12.00
# Visual Studio 15
VisualStudioVersion = 15.0.27004.2002
MinimumVisualStudioVersion = 10.0.40219.1
Project("{8BC9CEB8-8B4A-11D0-8D11-00A0C91BC942}") = "UT4-UE4-Hook", "UT4-UE4-Hook\UT4-UE4-Hook.vcxproj", "{18BC1F99-F990-40D1-A7A4-DB713F112961}"
EndProject
Global
	GlobalSection(SolutionConfigurationPlatforms) = preSolution
		Debug|x64 = Debug|x64
		Debug|x86 = Debug|x86
		Release|x64 = Release|x64
		Release|x86 = Release|x86
	EndGlobalSection
	GlobalSection(ProjectConfigurationPlatforms) = postSolution
		{18BC1F99-F990-40D1-A7A4-DB713F112961}.Debug|x64.ActiveCfg = Debug|x64
		{18BC1F99-F990-40D1-A7A4-DB713F112961}.Debug|x64.Build.0 = Debug|x64
		{18BC1F99-F990-40D1-A7A4-DB713F112961}.Debug|x86.ActiveCfg = Debug|Win32
		{18BC1F99-F990-40D1-A7A4-DB713F112961}.Debug|x86.Build.0 = Debug|Win32
		{18BC1F99-F990-40D1-A7A4-DB713F112961}.Release|x64.ActiveCfg = Release|x64
		{18BC1F99-F990-40D1-A7A4-DB713F112961}.Release|x64.Build.0 = Release|x64
		{18BC1F99-F990-40D1-A7A4-DB713F112961}.Release|x86.ActiveCfg = Release|Win32
		{18BC1F99-F990-40D1-A7A4-DB713F112961}.Release|x86.Build.0 = Release|Win32
	EndGlobalSection
	GlobalSection(SolutionProperties) = preSolution
		HideSolutionNode = FALSE
	EndGlobalSection
	GlobalSection(ExtensibilityGlobals) = postSolution
		SolutionGuid = {647A8EDB-74E7-43E1-B99C-A2B16FA90586}
	EndGlobalSection
EndGlobal
